<?xml version="1.0" encoding="utf-8"?>
<Project ToolsVersion="4.0" xmlns="http://schemas.microsoft.com/developer/msbuild/2003">
  <ItemGroup>
    <Filter Include="소스 파일">
      <UniqueIdentifier>{4FC737F1-C7A5-4376-A066-2A32D752A2FF}</UniqueIdentifier>
      <Extensions>cpp;c;cc;cxx;def;odl;idl;hpj;bat;asm;asmx</Extensions>
    </Filter>
    <Filter Include="헤더 파일">
      <UniqueIdentifier>{93995380-89BD-4b04-88EB-625FBE52EBFB}</UniqueIdentifier>
      <Extensions>h;hh;hpp;hxx;hm;inl;inc;xsd</Extensions>
    </Filter>
    <Filter Include="리소스 파일">
      <UniqueIdentifier>{67DA6AB6-F800-4c08-8B7A-83BB121AAD01}</UniqueIdentifier>
      <Extensions>rc;ico;cur;bmp;dlg;rc2;rct;bin;rgs;gif;jpg;jpeg;jpe;resx;tiff;tif;png;wav;mfcribbon-ms</Extensions>
    </Filter>
    <Filter Include="소스 파일\Block">
      <UniqueIdentifier>{4570ce8d-0a41-47f8-bd4a-01f8b70226c3}</UniqueIdentifier>
    </Filter>
    <Filter Include="소스 파일\Player">
      <UniqueIdentifier>{7cf388ae-ab84-4fd9-acee-462b06e20fd9}</UniqueIdentifier>
    </Filter>
    <Filter Include="소스 파일\BmpMgr">
      <UniqueIdentifier>{dbda7a31-c8b1-4224-8fc9-8fa9cdb221c7}</UniqueIdentifier>
    </Filter>
    <Filter Include="소스 파일\BmpMgr\Bitmap">
      <UniqueIdentifier>{218a3247-036d-41b9-80e2-caf61e5916c4}</UniqueIdentifier>
    </Filter>
    <Filter Include="소스 파일\Basics">
      <UniqueIdentifier>{abee965b-b904-41b7-a4c5-40d9f291d780}</UniqueIdentifier>
    </Filter>
    <Filter Include="소스 파일\Obstacle">
      <UniqueIdentifier>{493e69d6-53d2-470b-aa31-bacde653fb98}</UniqueIdentifier>
    </Filter>
    <Filter Include="소스 파일\Waterstream">
      <UniqueIdentifier>{37918997-44c6-43fa-94b2-9771fa5ef7c0}</UniqueIdentifier>
    </Filter>
    <Filter Include="소스 파일\Item">
      <UniqueIdentifier>{deaf869b-e78b-4eb6-9618-dd1df4165f25}</UniqueIdentifier>
    </Filter>
    <Filter Include="소스 파일\ballon">
      <UniqueIdentifier>{4f35e18b-b5cb-4242-857d-8aef7ec6cf51}</UniqueIdentifier>
    </Filter>
  </ItemGroup>
  <ItemGroup>
    <Text Include="ReadMe.txt" />
  </ItemGroup>
  <ItemGroup>
    <ClInclude Include="stdafx.h">
      <Filter>헤더 파일</Filter>
    </ClInclude>
    <ClInclude Include="targetver.h">
      <Filter>헤더 파일</Filter>
    </ClInclude>
    <ClInclude Include="Resource.h">
      <Filter>헤더 파일</Filter>
    </ClInclude>
    <ClInclude Include="Win32Project12.h">
      <Filter>헤더 파일</Filter>
    </ClInclude>
    <ClInclude Include="Block.h">
      <Filter>소스 파일\Block</Filter>
    </ClInclude>
    <ClInclude Include="Player.h">
      <Filter>소스 파일\Player</Filter>
    </ClInclude>
    <ClInclude Include="BmpMgr.h">
      <Filter>소스 파일\BmpMgr</Filter>
    </ClInclude>
    <ClInclude Include="BitMap.h">
      <Filter>소스 파일\BmpMgr\Bitmap</Filter>
    </ClInclude>
    <ClInclude Include="extern.h">
      <Filter>소스 파일\Basics</Filter>
    </ClInclude>
    <ClInclude Include="define.h">
      <Filter>소스 파일\Basics</Filter>
    </ClInclude>
    <ClInclude Include="functor.h">
      <Filter>소스 파일\Basics</Filter>
    </ClInclude>
    <ClInclude Include="struct.h">
      <Filter>소스 파일\Basics</Filter>
    </ClInclude>
    <ClInclude Include="Obstacle.h">
      <Filter>소스 파일\Obstacle</Filter>
    </ClInclude>
    <ClInclude Include="WaterStream.h">
      <Filter>소스 파일\Waterstream</Filter>
    </ClInclude>
    <ClInclude Include="Item.h">
      <Filter>소스 파일\Item</Filter>
    </ClInclude>
    <ClInclude Include="Ballon.h">
      <Filter>소스 파일\ballon</Filter>
    </ClInclude>
  </ItemGroup>
  <ItemGroup>
    <ClCompile Include="stdafx.cpp">
      <Filter>소스 파일</Filter>
    </ClCompile>
    <ClCompile Include="Win32Project12.cpp">
      <Filter>소스 파일</Filter>
    </ClCompile>
    <ClCompile Include="Block.cpp">
      <Filter>소스 파일\Block</Filter>
    </ClCompile>
    <ClCompile Include="Player.cpp">
      <Filter>소스 파일\Player</Filter>
    </ClCompile>
    <ClCompile Include="BmpMgr.cpp">
      <Filter>소스 파일\BmpMgr</Filter>
    </ClCompile>
    <ClCompile Include="BitMap.cpp">
      <Filter>소스 파일\BmpMgr\Bitmap</Filter>
    </ClCompile>
    <ClCompile Include="Obstacle.cpp">
      <Filter>소스 파일\Obstacle</Filter>
    </ClCompile>
    <ClCompile Include="WaterStream.cpp">
      <Filter>소스 파일\Waterstream</Filter>
    </ClCompile>
    <ClCompile Include="Item.cpp">
      <Filter>소스 파일\Item</Filter>
    </ClCompile>
    <ClCompile Include="Ballon.cpp">
      <Filter>소스 파일\ballon</Filter>
    </ClCompile>
  </ItemGroup>
  <ItemGroup>
    <ResourceCompile Include="Win32Project12.rc">
      <Filter>리소스 파일</Filter>
    </ResourceCompile>
  </ItemGroup>
  <ItemGroup>
    <Image Include="small.ico">
      <Filter>리소스 파일</Filter>
    </Image>
    <Image Include="Win32Project12.ico">
      <Filter>리소스 파일</Filter>
    </Image>
  </ItemGroup>
</Project>