<?xml version="1.0" encoding="utf-8"?>
<Project ToolsVersion="4.0" xmlns="http://schemas.microsoft.com/developer/msbuild/2003">
  <ItemGroup>
    <Filter Include="소스 파일">
      <UniqueIdentifier>{4FC737F1-C7A5-4376-A066-2A32D752A2FF}</UniqueIdentifier>
      <Extensions>cpp;c;cc;cxx;c++;cppm;ixx;def;odl;idl;hpj;bat;asm;asmx</Extensions>
    </Filter>
    <Filter Include="헤더 파일">
      <UniqueIdentifier>{93995380-89BD-4b04-88EB-625FBE52EBFB}</UniqueIdentifier>
      <Extensions>h;hh;hpp;hxx;h++;hm;inl;inc;ipp;xsd</Extensions>
    </Filter>
    <Filter Include="리소스 파일">
      <UniqueIdentifier>{67DA6AB6-F800-4c08-8B7A-83BB121AAD01}</UniqueIdentifier>
      <Extensions>rc;ico;cur;bmp;dlg;rc2;rct;bin;rgs;gif;jpg;jpeg;jpe;resx;tiff;tif;png;wav;mfcribbon-ms</Extensions>
    </Filter>
    <Filter Include="헤더 파일\GameObj">
      <UniqueIdentifier>{92b98307-75a1-49a0-999b-a183a3055439}</UniqueIdentifier>
    </Filter>
    <Filter Include="소스 파일\GameUtil">
      <UniqueIdentifier>{a73359d7-f3b2-4bd8-97c3-1ae43d7e5373}</UniqueIdentifier>
    </Filter>
    <Filter Include="헤더 파일\Utility">
      <UniqueIdentifier>{b08ec646-977c-499e-8280-f7b8bfe54723}</UniqueIdentifier>
    </Filter>
  </ItemGroup>
  <ItemGroup>
    <ClInclude Include="protocol.h">
      <Filter>헤더 파일</Filter>
    </ClInclude>
    <ClInclude Include="Common.h">
      <Filter>헤더 파일</Filter>
    </ClInclude>
    <ClInclude Include="GameUtil\stdafx.h">
      <Filter>헤더 파일\Utility</Filter>
    </ClInclude>
    <ClInclude Include="GameUtil\define.h">
      <Filter>헤더 파일\Utility</Filter>
    </ClInclude>
    <ClInclude Include="GameUtil\extern.h">
      <Filter>헤더 파일\Utility</Filter>
    </ClInclude>
    <ClInclude Include="GameUtil\functor.h">
      <Filter>헤더 파일\Utility</Filter>
    </ClInclude>
    <ClInclude Include="GameUtil\struct.h">
      <Filter>헤더 파일\Utility</Filter>
    </ClInclude>
    <ClInclude Include="GameUtil\Ballon.h">
      <Filter>헤더 파일\GameObj</Filter>
    </ClInclude>
    <ClInclude Include="GameUtil\Block.h">
      <Filter>헤더 파일\GameObj</Filter>
    </ClInclude>
    <ClInclude Include="GameUtil\Item.h">
      <Filter>헤더 파일\GameObj</Filter>
    </ClInclude>
    <ClInclude Include="GameUtil\Obstacle.h">
      <Filter>헤더 파일\GameObj</Filter>
    </ClInclude>
    <ClInclude Include="GameUtil\WaterStream.h">
      <Filter>헤더 파일\GameObj</Filter>
    </ClInclude>
    <ClInclude Include="GameUtil\Player.h">
      <Filter>헤더 파일\GameObj</Filter>
    </ClInclude>
  </ItemGroup>
  <ItemGroup>
    <ClCompile Include="server.cpp">
      <Filter>소스 파일</Filter>
    </ClCompile>
    <ClCompile Include="GameUtil\stdafx.cpp">
      <Filter>소스 파일\GameUtil</Filter>
    </ClCompile>
    <ClCompile Include="GameUtil\Ballon.cpp">
      <Filter>헤더 파일\GameObj</Filter>
    </ClCompile>
    <ClCompile Include="GameUtil\Block.cpp">
      <Filter>헤더 파일\GameObj</Filter>
    </ClCompile>
    <ClCompile Include="GameUtil\Item.cpp">
      <Filter>헤더 파일\GameObj</Filter>
    </ClCompile>
    <ClCompile Include="GameUtil\Obstacle.cpp">
      <Filter>헤더 파일\GameObj</Filter>
    </ClCompile>
    <ClCompile Include="GameUtil\WaterStream.cpp">
      <Filter>헤더 파일\GameObj</Filter>
    </ClCompile>
    <ClCompile Include="GameUtil\Player.cpp">
      <Filter>헤더 파일\GameObj</Filter>
    </ClCompile>
  </ItemGroup>
</Project>